
Microsoft Visual Studio Solution File, Format Version 11.00
# Visual Studio 2010
Project("{FAE04EC0-301F-11D3-BF4B-00C04F79EFBC}") = "WControls", "WControls\WControls.csproj", "{7C6BDE2F-7F1E-4202-8F25-166F7ABE3770}"
EndProject
Global
	GlobalSection(SolutionConfigurationPlatforms) = preSolution
		Debug|Any CPU = Debug|Any CPU
		Release|Any CPU = Release|Any CPU
	EndGlobalSection
	GlobalSection(ProjectConfigurationPlatforms) = postSolution
		{7C6BDE2F-7F1E-4202-8F25-166F7ABE3770}.Debug|Any CPU.ActiveCfg = Debug|Any CPU
		{7C6BDE2F-7F1E-4202-8F25-166F7ABE3770}.Debug|Any CPU.Build.0 = Debug|Any CPU
		{7C6BDE2F-7F1E-4202-8F25-166F7ABE3770}.Release|Any CPU.ActiveCfg = Release|Any CPU
		{7C6BDE2F-7F1E-4202-8F25-166F7ABE3770}.Release|Any CPU.Build.0 = Release|Any CPU
	EndGlobalSection
	GlobalSection(SolutionProperties) = preSolution
		HideSolutionNode = FALSE
	EndGlobalSection
EndGlobal
